
Microsoft Visual Studio Solution File, Format Version 12.00
# Visual Studio Version 16
VisualStudioVersion = 16.0.31829.152
MinimumVisualStudioVersion = 10.0.40219.1
Project("{9A19103F-16F7-4668-BE54-9A1E7A4F7556}") = "WorldAirlineServer", "WorldAirlineServer\WorldAirlineServer.csproj", "{A836DAE4-69D4-451E-A37C-C8F60B093F5D}"
EndProject
Project("{9A19103F-16F7-4668-BE54-9A1E7A4F7556}") = "WADatabase", "WADatabase\WADatabase.csproj", "{BB4377E0-3DD7-4CBE-99A7-2C52F8248542}"
EndProject
Project("{FAE04EC0-301F-11D3-BF4B-00C04F79EFBC}") = "AWSDatabase", "AWSDatabase\AWSDatabase.csproj", "{44FF18CF-9320-4BE2-BCA0-C1E3E4ABDB47}"
EndProject
Project("{FAE04EC0-301F-11D3-BF4B-00C04F79EFBC}") = "JWTAuth", "JWTAuth\JWTAuth.csproj", "{245AC6AF-7480-4DC3-B384-BA96D159F164}"
EndProject
Global
	GlobalSection(SolutionConfigurationPlatforms) = preSolution
		Debug|Any CPU = Debug|Any CPU
		Release|Any CPU = Release|Any CPU
	EndGlobalSection
	GlobalSection(ProjectConfigurationPlatforms) = postSolution
		{A836DAE4-69D4-451E-A37C-C8F60B093F5D}.Debug|Any CPU.ActiveCfg = Debug|Any CPU
		{A836DAE4-69D4-451E-A37C-C8F60B093F5D}.Debug|Any CPU.Build.0 = Debug|Any CPU
		{A836DAE4-69D4-451E-A37C-C8F60B093F5D}.Release|Any CPU.ActiveCfg = Release|Any CPU
		{A836DAE4-69D4-451E-A37C-C8F60B093F5D}.Release|Any CPU.Build.0 = Release|Any CPU
		{BB4377E0-3DD7-4CBE-99A7-2C52F8248542}.Debug|Any CPU.ActiveCfg = Debug|Any CPU
		{BB4377E0-3DD7-4CBE-99A7-2C52F8248542}.Debug|Any CPU.Build.0 = Debug|Any CPU
		{BB4377E0-3DD7-4CBE-99A7-2C52F8248542}.Release|Any CPU.ActiveCfg = Release|Any CPU
		{BB4377E0-3DD7-4CBE-99A7-2C52F8248542}.Release|Any CPU.Build.0 = Release|Any CPU
		{44FF18CF-9320-4BE2-BCA0-C1E3E4ABDB47}.Debug|Any CPU.ActiveCfg = Debug|Any CPU
		{44FF18CF-9320-4BE2-BCA0-C1E3E4ABDB47}.Debug|Any CPU.Build.0 = Debug|Any CPU
		{44FF18CF-9320-4BE2-BCA0-C1E3E4ABDB47}.Release|Any CPU.ActiveCfg = Release|Any CPU
		{44FF18CF-9320-4BE2-BCA0-C1E3E4ABDB47}.Release|Any CPU.Build.0 = Release|Any CPU
		{245AC6AF-7480-4DC3-B384-BA96D159F164}.Debug|Any CPU.ActiveCfg = Debug|Any CPU
		{245AC6AF-7480-4DC3-B384-BA96D159F164}.Debug|Any CPU.Build.0 = Debug|Any CPU
		{245AC6AF-7480-4DC3-B384-BA96D159F164}.Release|Any CPU.ActiveCfg = Release|Any CPU
		{245AC6AF-7480-4DC3-B384-BA96D159F164}.Release|Any CPU.Build.0 = Release|Any CPU
	EndGlobalSection
	GlobalSection(SolutionProperties) = preSolution
		HideSolutionNode = FALSE
	EndGlobalSection
	GlobalSection(ExtensibilityGlobals) = postSolution
		SolutionGuid = {95659A9B-615E-4A35-8077-7D24FA0FD955}
	EndGlobalSection
EndGlobal
